// !$*UTF8*$!
{
	archiveVersion = 1;
	classes = {
	};
	objectVersion = 46;
	objects = {

/* Begin PBXBuildFile section */
		5257DE6D1FE8BE130094C259 /* SecondViewController.m in Sources */ = {isa = PBXBuildFile; fileRef = 5257DE6C1FE8BE130094C259 /* SecondViewController.m */; };
		52D05EC41FE791F6001D7226 /* UIViewController+Test.m in Sources */ = {isa = PBXBuildFile; fileRef = 52D05EC31FE791F6001D7226 /* UIViewController+Test.m */; };
		52D05EED1FE79A89001D7226 /* UIKit.framework in Frameworks */ = {isa = PBXBuildFile; fileRef = 52D05EEC1FE79A89001D7226 /* UIKit.framework */; };
		52D05F091FE79AFD001D7226 /* Info.plist in Resources */ = {isa = PBXBuildFile; fileRef = 52D05EEF1FE79AFD001D7226 /* Info.plist */; };
		52D05F0A1FE79AFD001D7226 /* MASCompositeConstraint.m in Sources */ = {isa = PBXBuildFile; fileRef = 52D05EF11FE79AFD001D7226 /* MASCompositeConstraint.m */; };
		52D05F0B1FE79AFD001D7226 /* MASConstraint.m in Sources */ = {isa = PBXBuildFile; fileRef = 52D05EF41FE79AFD001D7226 /* MASConstraint.m */; };
		52D05F0C1FE79AFD001D7226 /* MASConstraintMaker.m in Sources */ = {isa = PBXBuildFile; fileRef = 52D05EF61FE79AFD001D7226 /* MASConstraintMaker.m */; };
		52D05F0D1FE79AFD001D7226 /* MASLayoutConstraint.m in Sources */ = {isa = PBXBuildFile; fileRef = 52D05EF81FE79AFD001D7226 /* MASLayoutConstraint.m */; };
		52D05F0E1FE79AFD001D7226 /* MASViewAttribute.m in Sources */ = {isa = PBXBuildFile; fileRef = 52D05EFC1FE79AFD001D7226 /* MASViewAttribute.m */; };
		52D05F0F1FE79AFD001D7226 /* MASViewConstraint.m in Sources */ = {isa = PBXBuildFile; fileRef = 52D05EFE1FE79AFD001D7226 /* MASViewConstraint.m */; };
		52D05F101FE79AFD001D7226 /* NSArray+MASAdditions.m in Sources */ = {isa = PBXBuildFile; fileRef = 52D05F001FE79AFD001D7226 /* NSArray+MASAdditions.m */; };
		52D05F111FE79AFD001D7226 /* NSLayoutConstraint+MASDebugAdditions.m in Sources */ = {isa = PBXBuildFile; fileRef = 52D05F031FE79AFD001D7226 /* NSLayoutConstraint+MASDebugAdditions.m */; };
		52D05F121FE79AFD001D7226 /* View+MASAdditions.m in Sources */ = {isa = PBXBuildFile; fileRef = 52D05F051FE79AFD001D7226 /* View+MASAdditions.m */; };
		52D05F131FE79AFD001D7226 /* ViewController+MASAdditions.m in Sources */ = {isa = PBXBuildFile; fileRef = 52D05F081FE79AFD001D7226 /* ViewController+MASAdditions.m */; };
		52D05F171FE79F2D001D7226 /* ViewModel.m in Sources */ = {isa = PBXBuildFile; fileRef = 52D05F161FE79F2D001D7226 /* ViewModel.m */; };
		52D05F1A1FE79F87001D7226 /* UserEntity.m in Sources */ = {isa = PBXBuildFile; fileRef = 52D05F191FE79F87001D7226 /* UserEntity.m */; };
		52E70A0E1FE7657F0061213C /* main.m in Sources */ = {isa = PBXBuildFile; fileRef = 52E70A0D1FE7657F0061213C /* main.m */; };
		52E70A111FE7657F0061213C /* AppDelegate.m in Sources */ = {isa = PBXBuildFile; fileRef = 52E70A101FE7657F0061213C /* AppDelegate.m */; };
		52E70A141FE7657F0061213C /* ViewController.m in Sources */ = {isa = PBXBuildFile; fileRef = 52E70A131FE7657F0061213C /* ViewController.m */; };
		52E70A171FE7657F0061213C /* Main.storyboard in Resources */ = {isa = PBXBuildFile; fileRef = 52E70A151FE7657F0061213C /* Main.storyboard */; };
		52E70A191FE7657F0061213C /* Assets.xcassets in Resources */ = {isa = PBXBuildFile; fileRef = 52E70A181FE7657F0061213C /* Assets.xcassets */; };
		52E70A1C1FE7657F0061213C /* LaunchScreen.storyboard in Resources */ = {isa = PBXBuildFile; fileRef = 52E70A1A1FE7657F0061213C /* LaunchScreen.storyboard */; };
		52E70A271FE7657F0061213C /* HelloWorldTests.m in Sources */ = {isa = PBXBuildFile; fileRef = 52E70A261FE7657F0061213C /* HelloWorldTests.m */; };
		52E70A321FE7657F0061213C /* HelloWorldUITests.m in Sources */ = {isa = PBXBuildFile; fileRef = 52E70A311FE7657F0061213C /* HelloWorldUITests.m */; };
		78F527FE8EB0D26578857BF2 /* Pods_HelloWorld.framework in Frameworks */ = {isa = PBXBuildFile; fileRef = BB80489A71F1478D5A0F9AAE /* Pods_HelloWorld.framework */; };
/* End PBXBuildFile section */

/* Begin PBXContainerItemProxy section */
		52E70A231FE7657F0061213C /* PBXContainerItemProxy */ = {
			isa = PBXContainerItemProxy;
			containerPortal = 52E70A011FE7657F0061213C /* Project object */;
			proxyType = 1;
			remoteGlobalIDString = 52E70A081FE7657F0061213C;
			remoteInfo = HelloWorld;
		};
		52E70A2E1FE7657F0061213C /* PBXContainerItemProxy */ = {
			isa = PBXContainerItemProxy;
			containerPortal = 52E70A011FE7657F0061213C /* Project object */;
			proxyType = 1;
			remoteGlobalIDString = 52E70A081FE7657F0061213C;
			remoteInfo = HelloWorld;
		};
/* End PBXContainerItemProxy section */

/* Begin PBXFileReference section */
		5257DE6B1FE8BE130094C259 /* SecondViewController.h */ = {isa = PBXFileReference; fileEncoding = 4; lastKnownFileType = sourcecode.c.h; path = SecondViewController.h; sourceTree = "<group>"; };
		5257DE6C1FE8BE130094C259 /* SecondViewController.m */ = {isa = PBXFileReference; fileEncoding = 4; lastKnownFileType = sourcecode.c.objc; path = SecondViewController.m; sourceTree = "<group>"; };
		52D05EC21FE791F6001D7226 /* UIViewController+Test.h */ = {isa = PBXFileReference; fileEncoding = 4; lastKnownFileType = sourcecode.c.h; path = "UIViewController+Test.h"; sourceTree = "<group>"; };
		52D05EC31FE791F6001D7226 /* UIViewController+Test.m */ = {isa = PBXFileReference; fileEncoding = 4; lastKnownFileType = sourcecode.c.objc; path = "UIViewController+Test.m"; sourceTree = "<group>"; };
		52D05EEC1FE79A89001D7226 /* UIKit.framework */ = {isa = PBXFileReference; lastKnownFileType = wrapper.framework; name = UIKit.framework; path = System/Library/Frameworks/UIKit.framework; sourceTree = SDKROOT; };
		52D05EEF1FE79AFD001D7226 /* Info.plist */ = {isa = PBXFileReference; fileEncoding = 4; lastKnownFileType = text.plist.xml; path = Info.plist; sourceTree = "<group>"; };
		52D05EF01FE79AFD001D7226 /* MASCompositeConstraint.h */ = {isa = PBXFileReference; fileEncoding = 4; lastKnownFileType = sourcecode.c.h; path = MASCompositeConstraint.h; sourceTree = "<group>"; };
		52D05EF11FE79AFD001D7226 /* MASCompositeConstraint.m */ = {isa = PBXFileReference; fileEncoding = 4; lastKnownFileType = sourcecode.c.objc; path = MASCompositeConstraint.m; sourceTree = "<group>"; };
		52D05EF21FE79AFD001D7226 /* MASConstraint+Private.h */ = {isa = PBXFileReference; fileEncoding = 4; lastKnownFileType = sourcecode.c.h; path = "MASConstraint+Private.h"; sourceTree = "<group>"; };
		52D05EF31FE79AFD001D7226 /* MASConstraint.h */ = {isa = PBXFileReference; fileEncoding = 4; lastKnownFileType = sourcecode.c.h; path = MASConstraint.h; sourceTree = "<group>"; };
		52D05EF41FE79AFD001D7226 /* MASConstraint.m */ = {isa = PBXFileReference; fileEncoding = 4; lastKnownFileType = sourcecode.c.objc; path = MASConstraint.m; sourceTree = "<group>"; };
		52D05EF51FE79AFD001D7226 /* MASConstraintMaker.h */ = {isa = PBXFileReference; fileEncoding = 4; lastKnownFileType = sourcecode.c.h; path = MASConstraintMaker.h; sourceTree = "<group>"; };
		52D05EF61FE79AFD001D7226 /* MASConstraintMaker.m */ = {isa = PBXFileReference; fileEncoding = 4; lastKnownFileType = sourcecode.c.objc; path = MASConstraintMaker.m; sourceTree = "<group>"; };
		52D05EF71FE79AFD001D7226 /* MASLayoutConstraint.h */ = {isa = PBXFileReference; fileEncoding = 4; lastKnownFileType = sourcecode.c.h; path = MASLayoutConstraint.h; sourceTree = "<group>"; };
		52D05EF81FE79AFD001D7226 /* MASLayoutConstraint.m */ = {isa = PBXFileReference; fileEncoding = 4; lastKnownFileType = sourcecode.c.objc; path = MASLayoutConstraint.m; sourceTree = "<group>"; };
		52D05EF91FE79AFD001D7226 /* Masonry.h */ = {isa = PBXFileReference; fileEncoding = 4; lastKnownFileType = sourcecode.c.h; path = Masonry.h; sourceTree = "<group>"; };
		52D05EFA1FE79AFD001D7226 /* MASUtilities.h */ = {isa = PBXFileReference; fileEncoding = 4; lastKnownFileType = sourcecode.c.h; path = MASUtilities.h; sourceTree = "<group>"; };
		52D05EFB1FE79AFD001D7226 /* MASViewAttribute.h */ = {isa = PBXFileReference; fileEncoding = 4; lastKnownFileType = sourcecode.c.h; path = MASViewAttribute.h; sourceTree = "<group>"; };
		52D05EFC1FE79AFD001D7226 /* MASViewAttribute.m */ = {isa = PBXFileReference; fileEncoding = 4; lastKnownFileType = sourcecode.c.objc; path = MASViewAttribute.m; sourceTree = "<group>"; };
		52D05EFD1FE79AFD001D7226 /* MASViewConstraint.h */ = {isa = PBXFileReference; fileEncoding = 4; lastKnownFileType = sourcecode.c.h; path = MASViewConstraint.h; sourceTree = "<group>"; };
		52D05EFE1FE79AFD001D7226 /* MASViewConstraint.m */ = {isa = PBXFileReference; fileEncoding = 4; lastKnownFileType = sourcecode.c.objc; path = MASViewConstraint.m; sourceTree = "<group>"; };
		52D05EFF1FE79AFD001D7226 /* NSArray+MASAdditions.h */ = {isa = PBXFileReference; fileEncoding = 4; lastKnownFileType = sourcecode.c.h; path = "NSArray+MASAdditions.h"; sourceTree = "<group>"; };
		52D05F001FE79AFD001D7226 /* NSArray+MASAdditions.m */ = {isa = PBXFileReference; fileEncoding = 4; lastKnownFileType = sourcecode.c.objc; path = "NSArray+MASAdditions.m"; sourceTree = "<group>"; };
		52D05F011FE79AFD001D7226 /* NSArray+MASShorthandAdditions.h */ = {isa = PBXFileReference; fileEncoding = 4; lastKnownFileType = sourcecode.c.h; path = "NSArray+MASShorthandAdditions.h"; sourceTree = "<group>"; };
		52D05F021FE79AFD001D7226 /* NSLayoutConstraint+MASDebugAdditions.h */ = {isa = PBXFileReference; fileEncoding = 4; lastKnownFileType = sourcecode.c.h; path = "NSLayoutConstraint+MASDebugAdditions.h"; sourceTree = "<group>"; };
		52D05F031FE79AFD001D7226 /* NSLayoutConstraint+MASDebugAdditions.m */ = {isa = PBXFileReference; fileEncoding = 4; lastKnownFileType = sourcecode.c.objc; path = "NSLayoutConstraint+MASDebugAdditions.m"; sourceTree = "<group>"; };
		52D05F041FE79AFD001D7226 /* View+MASAdditions.h */ = {isa = PBXFileReference; fileEncoding = 4; lastKnownFileType = sourcecode.c.h; path = "View+MASAdditions.h"; sourceTree = "<group>"; };
		52D05F051FE79AFD001D7226 /* View+MASAdditions.m */ = {isa = PBXFileReference; fileEncoding = 4; lastKnownFileType = sourcecode.c.objc; path = "View+MASAdditions.m"; sourceTree = "<group>"; };
		52D05F061FE79AFD001D7226 /* View+MASShorthandAdditions.h */ = {isa = PBXFileReference; fileEncoding = 4; lastKnownFileType = sourcecode.c.h; path = "View+MASShorthandAdditions.h"; sourceTree = "<group>"; };
		52D05F071FE79AFD001D7226 /* ViewController+MASAdditions.h */ = {isa = PBXFileReference; fileEncoding = 4; lastKnownFileType = sourcecode.c.h; path = "ViewController+MASAdditions.h"; sourceTree = "<group>"; };
		52D05F081FE79AFD001D7226 /* ViewController+MASAdditions.m */ = {isa = PBXFileReference; fileEncoding = 4; lastKnownFileType = sourcecode.c.objc; path = "ViewController+MASAdditions.m"; sourceTree = "<group>"; };
		52D05F151FE79F2D001D7226 /* ViewModel.h */ = {isa = PBXFileReference; fileEncoding = 4; lastKnownFileType = sourcecode.c.h; path = ViewModel.h; sourceTree = "<group>"; };
		52D05F161FE79F2D001D7226 /* ViewModel.m */ = {isa = PBXFileReference; fileEncoding = 4; lastKnownFileType = sourcecode.c.objc; path = ViewModel.m; sourceTree = "<group>"; };
		52D05F181FE79F87001D7226 /* UserEntity.h */ = {isa = PBXFileReference; fileEncoding = 4; lastKnownFileType = sourcecode.c.h; path = UserEntity.h; sourceTree = "<group>"; };
		52D05F191FE79F87001D7226 /* UserEntity.m */ = {isa = PBXFileReference; fileEncoding = 4; lastKnownFileType = sourcecode.c.objc; path = UserEntity.m; sourceTree = "<group>"; };
		52E70A091FE7657F0061213C /* HelloWorld.app */ = {isa = PBXFileReference; explicitFileType = wrapper.application; includeInIndex = 0; path = HelloWorld.app; sourceTree = BUILT_PRODUCTS_DIR; };
		52E70A0D1FE7657F0061213C /* main.m */ = {isa = PBXFileReference; lastKnownFileType = sourcecode.c.objc; path = main.m; sourceTree = "<group>"; };
		52E70A0F1FE7657F0061213C /* AppDelegate.h */ = {isa = PBXFileReference; lastKnownFileType = sourcecode.c.h; path = AppDelegate.h; sourceTree = "<group>"; };
		52E70A101FE7657F0061213C /* AppDelegate.m */ = {isa = PBXFileReference; lastKnownFileType = sourcecode.c.objc; path = AppDelegate.m; sourceTree = "<group>"; };
		52E70A121FE7657F0061213C /* ViewController.h */ = {isa = PBXFileReference; lastKnownFileType = sourcecode.c.h; path = ViewController.h; sourceTree = "<group>"; };
		52E70A131FE7657F0061213C /* ViewController.m */ = {isa = PBXFileReference; lastKnownFileType = sourcecode.c.objc; path = ViewController.m; sourceTree = "<group>"; };
		52E70A161FE7657F0061213C /* Base */ = {isa = PBXFileReference; lastKnownFileType = file.storyboard; name = Base; path = Base.lproj/Main.storyboard; sourceTree = "<group>"; };
		52E70A181FE7657F0061213C /* Assets.xcassets */ = {isa = PBXFileReference; lastKnownFileType = folder.assetcatalog; path = Assets.xcassets; sourceTree = "<group>"; };
		52E70A1B1FE7657F0061213C /* Base */ = {isa = PBXFileReference; lastKnownFileType = file.storyboard; name = Base; path = Base.lproj/LaunchScreen.storyboard; sourceTree = "<group>"; };
		52E70A1D1FE7657F0061213C /* Info.plist */ = {isa = PBXFileReference; lastKnownFileType = text.plist.xml; path = Info.plist; sourceTree = "<group>"; };
		52E70A221FE7657F0061213C /* HelloWorldTests.xctest */ = {isa = PBXFileReference; explicitFileType = wrapper.cfbundle; includeInIndex = 0; path = HelloWorldTests.xctest; sourceTree = BUILT_PRODUCTS_DIR; };
		52E70A261FE7657F0061213C /* HelloWorldTests.m */ = {isa = PBXFileReference; lastKnownFileType = sourcecode.c.objc; path = HelloWorldTests.m; sourceTree = "<group>"; };
		52E70A281FE7657F0061213C /* Info.plist */ = {isa = PBXFileReference; lastKnownFileType = text.plist.xml; path = Info.plist; sourceTree = "<group>"; };
		52E70A2D1FE7657F0061213C /* HelloWorldUITests.xctest */ = {isa = PBXFileReference; explicitFileType = wrapper.cfbundle; includeInIndex = 0; path = HelloWorldUITests.xctest; sourceTree = BUILT_PRODUCTS_DIR; };
		52E70A311FE7657F0061213C /* HelloWorldUITests.m */ = {isa = PBXFileReference; lastKnownFileType = sourcecode.c.objc; path = HelloWorldUITests.m; sourceTree = "<group>"; };
		52E70A331FE7657F0061213C /* Info.plist */ = {isa = PBXFileReference; lastKnownFileType = text.plist.xml; path = Info.plist; sourceTree = "<group>"; };
		70D1B6F8907DD619DABEEDBA /* Pods-HelloWorld.debug.xcconfig */ = {isa = PBXFileReference; includeInIndex = 1; lastKnownFileType = text.xcconfig; name = "Pods-HelloWorld.debug.xcconfig"; path = "Pods/Target Support Files/Pods-HelloWorld/Pods-HelloWorld.debug.xcconfig"; sourceTree = "<group>"; };
		BB80489A71F1478D5A0F9AAE /* Pods_HelloWorld.framework */ = {isa = PBXFileReference; explicitFileType = wrapper.framework; includeInIndex = 0; path = Pods_HelloWorld.framework; sourceTree = BUILT_PRODUCTS_DIR; };
		DDCA444BC4CA6080EDB6315F /* Pods-HelloWorld.release.xcconfig */ = {isa = PBXFileReference; includeInIndex = 1; lastKnownFileType = text.xcconfig; name = "Pods-HelloWorld.release.xcconfig"; path = "Pods/Target Support Files/Pods-HelloWorld/Pods-HelloWorld.release.xcconfig"; sourceTree = "<group>"; };
/* End PBXFileReference section */

/* Begin PBXFrameworksBuildPhase section */
		52E70A061FE7657F0061213C /* Frameworks */ = {
			isa = PBXFrameworksBuildPhase;
			buildActionMask = 2147483647;
			files = (
				52D05EED1FE79A89001D7226 /* UIKit.framework in Frameworks */,
				78F527FE8EB0D26578857BF2 /* Pods_HelloWorld.framework in Frameworks */,
			);
			runOnlyForDeploymentPostprocessing = 0;
		};
		52E70A1F1FE7657F0061213C /* Frameworks */ = {
			isa = PBXFrameworksBuildPhase;
			buildActionMask = 2147483647;
			files = (
			);
			runOnlyForDeploymentPostprocessing = 0;
		};
		52E70A2A1FE7657F0061213C /* Frameworks */ = {
			isa = PBXFrameworksBuildPhase;
			buildActionMask = 2147483647;
			files = (
			);
			runOnlyForDeploymentPostprocessing = 0;
		};
/* End PBXFrameworksBuildPhase section */

/* Begin PBXGroup section */
		1F47CB6F66C0EE926F5EEB32 /* Pods */ = {
			isa = PBXGroup;
			children = (
				70D1B6F8907DD619DABEEDBA /* Pods-HelloWorld.debug.xcconfig */,
				DDCA444BC4CA6080EDB6315F /* Pods-HelloWorld.release.xcconfig */,
			);
			name = Pods;
			sourceTree = "<group>";
		};
		52D05EEB1FE79A88001D7226 /* Frameworks */ = {
			isa = PBXGroup;
			children = (
				52D05EEC1FE79A89001D7226 /* UIKit.framework */,
				BB80489A71F1478D5A0F9AAE /* Pods_HelloWorld.framework */,
			);
			name = Frameworks;
			sourceTree = "<group>";
		};
		52D05EEE1FE79AFD001D7226 /* Masonry */ = {
			isa = PBXGroup;
			children = (
				52D05EEF1FE79AFD001D7226 /* Info.plist */,
				52D05EF01FE79AFD001D7226 /* MASCompositeConstraint.h */,
				52D05EF11FE79AFD001D7226 /* MASCompositeConstraint.m */,
				52D05EF21FE79AFD001D7226 /* MASConstraint+Private.h */,
				52D05EF31FE79AFD001D7226 /* MASConstraint.h */,
				52D05EF41FE79AFD001D7226 /* MASConstraint.m */,
				52D05EF51FE79AFD001D7226 /* MASConstraintMaker.h */,
				52D05EF61FE79AFD001D7226 /* MASConstraintMaker.m */,
				52D05EF71FE79AFD001D7226 /* MASLayoutConstraint.h */,
				52D05EF81FE79AFD001D7226 /* MASLayoutConstraint.m */,
				52D05EF91FE79AFD001D7226 /* Masonry.h */,
				52D05EFA1FE79AFD001D7226 /* MASUtilities.h */,
				52D05EFB1FE79AFD001D7226 /* MASViewAttribute.h */,
				52D05EFC1FE79AFD001D7226 /* MASViewAttribute.m */,
				52D05EFD1FE79AFD001D7226 /* MASViewConstraint.h */,
				52D05EFE1FE79AFD001D7226 /* MASViewConstraint.m */,
				52D05EFF1FE79AFD001D7226 /* NSArray+MASAdditions.h */,
				52D05F001FE79AFD001D7226 /* NSArray+MASAdditions.m */,
				52D05F011FE79AFD001D7226 /* NSArray+MASShorthandAdditions.h */,
				52D05F021FE79AFD001D7226 /* NSLayoutConstraint+MASDebugAdditions.h */,
				52D05F031FE79AFD001D7226 /* NSLayoutConstraint+MASDebugAdditions.m */,
				52D05F041FE79AFD001D7226 /* View+MASAdditions.h */,
				52D05F051FE79AFD001D7226 /* View+MASAdditions.m */,
				52D05F061FE79AFD001D7226 /* View+MASShorthandAdditions.h */,
				52D05F071FE79AFD001D7226 /* ViewController+MASAdditions.h */,
				52D05F081FE79AFD001D7226 /* ViewController+MASAdditions.m */,
			);
			path = Masonry;
			sourceTree = "<group>";
		};
		52E70A001FE7657F0061213C = {
			isa = PBXGroup;
			children = (
				52E70A0B1FE7657F0061213C /* HelloWorld */,
				52E70A251FE7657F0061213C /* HelloWorldTests */,
				52E70A301FE7657F0061213C /* HelloWorldUITests */,
				52E70A0A1FE7657F0061213C /* Products */,
				52D05EEB1FE79A88001D7226 /* Frameworks */,
				1F47CB6F66C0EE926F5EEB32 /* Pods */,
			);
			sourceTree = "<group>";
		};
		52E70A0A1FE7657F0061213C /* Products */ = {
			isa = PBXGroup;
			children = (
				52E70A091FE7657F0061213C /* HelloWorld.app */,
				52E70A221FE7657F0061213C /* HelloWorldTests.xctest */,
				52E70A2D1FE7657F0061213C /* HelloWorldUITests.xctest */,
			);
			name = Products;
			sourceTree = "<group>";
		};
		52E70A0B1FE7657F0061213C /* HelloWorld */ = {
			isa = PBXGroup;
			children = (
				52E70A0F1FE7657F0061213C /* AppDelegate.h */,
				52E70A101FE7657F0061213C /* AppDelegate.m */,
				52D05EC21FE791F6001D7226 /* UIViewController+Test.h */,
				52D05EC31FE791F6001D7226 /* UIViewController+Test.m */,
				52E70A121FE7657F0061213C /* ViewController.h */,
				52E70A131FE7657F0061213C /* ViewController.m */,
				5257DE6B1FE8BE130094C259 /* SecondViewController.h */,
				5257DE6C1FE8BE130094C259 /* SecondViewController.m */,
				52D05F151FE79F2D001D7226 /* ViewModel.h */,
				52D05F161FE79F2D001D7226 /* ViewModel.m */,
				52D05F181FE79F87001D7226 /* UserEntity.h */,
				52D05F191FE79F87001D7226 /* UserEntity.m */,
				52E70A151FE7657F0061213C /* Main.storyboard */,
				52E70A181FE7657F0061213C /* Assets.xcassets */,
				52E70A1A1FE7657F0061213C /* LaunchScreen.storyboard */,
				52E70A1D1FE7657F0061213C /* Info.plist */,
				52D05EEE1FE79AFD001D7226 /* Masonry */,
				52E70A0C1FE7657F0061213C /* Supporting Files */,
			);
			path = HelloWorld;
			sourceTree = "<group>";
		};
		52E70A0C1FE7657F0061213C /* Supporting Files */ = {
			isa = PBXGroup;
			children = (
				52E70A0D1FE7657F0061213C /* main.m */,
			);
			name = "Supporting Files";
			sourceTree = "<group>";
		};
		52E70A251FE7657F0061213C /* HelloWorldTests */ = {
			isa = PBXGroup;
			children = (
				52E70A261FE7657F0061213C /* HelloWorldTests.m */,
				52E70A281FE7657F0061213C /* Info.plist */,
			);
			path = HelloWorldTests;
			sourceTree = "<group>";
		};
		52E70A301FE7657F0061213C /* HelloWorldUITests */ = {
			isa = PBXGroup;
			children = (
				52E70A311FE7657F0061213C /* HelloWorldUITests.m */,
				52E70A331FE7657F0061213C /* Info.plist */,
			);
			path = HelloWorldUITests;
			sourceTree = "<group>";
		};
/* End PBXGroup section */

/* Begin PBXNativeTarget section */
		52E70A081FE7657F0061213C /* HelloWorld */ = {
			isa = PBXNativeTarget;
			buildConfigurationList = 52E70A361FE7657F0061213C /* Build configuration list for PBXNativeTarget "HelloWorld" */;
			buildPhases = (
				E69D291703B06B4981A9E03B /* [CP] Check Pods Manifest.lock */,
				52E70A051FE7657F0061213C /* Sources */,
				52E70A061FE7657F0061213C /* Frameworks */,
				52E70A071FE7657F0061213C /* Resources */,
				873988FBF0362C1FF63CE8A0 /* [CP] Embed Pods Frameworks */,
				8DDB3A1318D27D854A70116B /* [CP] Copy Pods Resources */,
			);
			buildRules = (
			);
			dependencies = (
			);
			name = HelloWorld;
			productName = HelloWorld;
			productReference = 52E70A091FE7657F0061213C /* HelloWorld.app */;
			productType = "com.apple.product-type.application";
		};
		52E70A211FE7657F0061213C /* HelloWorldTests */ = {
			isa = PBXNativeTarget;
			buildConfigurationList = 52E70A391FE7657F0061213C /* Build configuration list for PBXNativeTarget "HelloWorldTests" */;
			buildPhases = (
				52E70A1E1FE7657F0061213C /* Sources */,
				52E70A1F1FE7657F0061213C /* Frameworks */,
				52E70A201FE7657F0061213C /* Resources */,
			);
			buildRules = (
			);
			dependencies = (
				52E70A241FE7657F0061213C /* PBXTargetDependency */,
			);
			name = HelloWorldTests;
			productName = HelloWorldTests;
			productReference = 52E70A221FE7657F0061213C /* HelloWorldTests.xctest */;
			productType = "com.apple.product-type.bundle.unit-test";
		};
		52E70A2C1FE7657F0061213C /* HelloWorldUITests */ = {
			isa = PBXNativeTarget;
			buildConfigurationList = 52E70A3C1FE7657F0061213C /* Build configuration list for PBXNativeTarget "HelloWorldUITests" */;
			buildPhases = (
				52E70A291FE7657F0061213C /* Sources */,
				52E70A2A1FE7657F0061213C /* Frameworks */,
				52E70A2B1FE7657F0061213C /* Resources */,
			);
			buildRules = (
			);
			dependencies = (
				52E70A2F1FE7657F0061213C /* PBXTargetDependency */,
			);
			name = HelloWorldUITests;
			productName = HelloWorldUITests;
			productReference = 52E70A2D1FE7657F0061213C /* HelloWorldUITests.xctest */;
			productType = "com.apple.product-type.bundle.ui-testing";
		};
/* End PBXNativeTarget section */

/* Begin PBXProject section */
		52E70A011FE7657F0061213C /* Project object */ = {
			isa = PBXProject;
			attributes = {
				LastUpgradeCheck = 0820;
				ORGANIZATIONNAME = test;
				TargetAttributes = {
					52E70A081FE7657F0061213C = {
						CreatedOnToolsVersion = 8.2.1;
						DevelopmentTeam = 73497T5ED8;
						ProvisioningStyle = Automatic;
					};
					52E70A211FE7657F0061213C = {
						CreatedOnToolsVersion = 8.2.1;
						DevelopmentTeam = KT6YPJYQ2W;
						ProvisioningStyle = Automatic;
						TestTargetID = 52E70A081FE7657F0061213C;
					};
					52E70A2C1FE7657F0061213C = {
						CreatedOnToolsVersion = 8.2.1;
						DevelopmentTeam = KT6YPJYQ2W;
						ProvisioningStyle = Automatic;
						TestTargetID = 52E70A081FE7657F0061213C;
					};
				};
			};
			buildConfigurationList = 52E70A041FE7657F0061213C /* Build configuration list for PBXProject "HelloWorld" */;
			compatibilityVersion = "Xcode 3.2";
			developmentRegion = English;
			hasScannedForEncodings = 0;
			knownRegions = (
				en,
				Base,
			);
			mainGroup = 52E70A001FE7657F0061213C;
			productRefGroup = 52E70A0A1FE7657F0061213C /* Products */;
			projectDirPath = "";
			projectRoot = "";
			targets = (
				52E70A081FE7657F0061213C /* HelloWorld */,
				52E70A211FE7657F0061213C /* HelloWorldTests */,
				52E70A2C1FE7657F0061213C /* HelloWorldUITests */,
			);
		};
/* End PBXProject section */

/* Begin PBXResourcesBuildPhase section */
		52E70A071FE7657F0061213C /* Resources */ = {
			isa = PBXResourcesBuildPhase;
			buildActionMask = 2147483647;
			files = (
				52D05F091FE79AFD001D7226 /* Info.plist in Resources */,
				52E70A1C1FE7657F0061213C /* LaunchScreen.storyboard in Resources */,
				52E70A191FE7657F0061213C /* Assets.xcassets in Resources */,
				52E70A171FE7657F0061213C /* Main.storyboard in Resources */,
			);
			runOnlyForDeploymentPostprocessing = 0;
		};
		52E70A201FE7657F0061213C /* Resources */ = {
			isa = PBXResourcesBuildPhase;
			buildActionMask = 2147483647;
			files = (
			);
			runOnlyForDeploymentPostprocessing = 0;
		};
		52E70A2B1FE7657F0061213C /* Resources */ = {
			isa = PBXResourcesBuildPhase;
			buildActionMask = 2147483647;
			files = (
			);
			runOnlyForDeploymentPostprocessing = 0;
		};
/* End PBXResourcesBuildPhase section */

/* Begin PBXShellScriptBuildPhase section */
		873988FBF0362C1FF63CE8A0 /* [CP] Embed Pods Frameworks */ = {
			isa = PBXShellScriptBuildPhase;
			buildActionMask = 2147483647;
			files = (
			);
			inputPaths = (
			);
			name = "[CP] Embed Pods Frameworks";
			outputPaths = (
			);
			runOnlyForDeploymentPostprocessing = 0;
			shellPath = /bin/sh;
			shellScript = "\"${SRCROOT}/Pods/Target Support Files/Pods-HelloWorld/Pods-HelloWorld-frameworks.sh\"\n";
			showEnvVarsInLog = 0;
		};
		8DDB3A1318D27D854A70116B /* [CP] Copy Pods Resources */ = {
			isa = PBXShellScriptBuildPhase;
			buildActionMask = 2147483647;
			files = (
			);
			inputPaths = (
			);
			name = "[CP] Copy Pods Resources";
			outputPaths = (
			);
			runOnlyForDeploymentPostprocessing = 0;
			shellPath = /bin/sh;
			shellScript = "\"${SRCROOT}/Pods/Target Support Files/Pods-HelloWorld/Pods-HelloWorld-resources.sh\"\n";
			showEnvVarsInLog = 0;
		};
		E69D291703B06B4981A9E03B /* [CP] Check Pods Manifest.lock */ = {
			isa = PBXShellScriptBuildPhase;
			buildActionMask = 2147483647;
			files = (
			);
			inputPaths = (
			);
			name = "[CP] Check Pods Manifest.lock";
			outputPaths = (
			);
			runOnlyForDeploymentPostprocessing = 0;
			shellPath = /bin/sh;
			shellScript = "diff \"${PODS_ROOT}/../Podfile.lock\" \"${PODS_ROOT}/Manifest.lock\" > /dev/null\nif [ $? != 0 ] ; then\n    # print error to STDERR\n    echo \"error: The sandbox is not in sync with the Podfile.lock. Run 'pod install' or update your CocoaPods installation.\" >&2\n    exit 1\nfi\n";
			showEnvVarsInLog = 0;
		};
/* End PBXShellScriptBuildPhase section */

/* Begin PBXSourcesBuildPhase section */
		52E70A051FE7657F0061213C /* Sources */ = {
			isa = PBXSourcesBuildPhase;
			buildActionMask = 2147483647;
			files = (
				52D05F0C1FE79AFD001D7226 /* MASConstraintMaker.m in Sources */,
				52E70A141FE7657F0061213C /* ViewController.m in Sources */,
				52E70A111FE7657F0061213C /* AppDelegate.m in Sources */,
				52D05F1A1FE79F87001D7226 /* UserEntity.m in Sources */,
				52D05F0B1FE79AFD001D7226 /* MASConstraint.m in Sources */,
				52D05F131FE79AFD001D7226 /* ViewController+MASAdditions.m in Sources */,
				52D05F0D1FE79AFD001D7226 /* MASLayoutConstraint.m in Sources */,
				52D05F101FE79AFD001D7226 /* NSArray+MASAdditions.m in Sources */,
				52D05F0F1FE79AFD001D7226 /* MASViewConstraint.m in Sources */,
				52D05F0E1FE79AFD001D7226 /* MASViewAttribute.m in Sources */,
				52D05F121FE79AFD001D7226 /* View+MASAdditions.m in Sources */,
				5257DE6D1FE8BE130094C259 /* SecondViewController.m in Sources */,
				52D05EC41FE791F6001D7226 /* UIViewController+Test.m in Sources */,
				52E70A0E1FE7657F0061213C /* main.m in Sources */,
				52D05F171FE79F2D001D7226 /* ViewModel.m in Sources */,
				52D05F0A1FE79AFD001D7226 /* MASCompositeConstraint.m in Sources */,
				52D05F111FE79AFD001D7226 /* NSLayoutConstraint+MASDebugAdditions.m in Sources */,
			);
			runOnlyForDeploymentPostprocessing = 0;
		};
		52E70A1E1FE7657F0061213C /* Sources */ = {
			isa = PBXSourcesBuildPhase;
			buildActionMask = 2147483647;
			files = (
				52E70A271FE7657F0061213C /* HelloWorldTests.m in Sources */,
			);
			runOnlyForDeploymentPostprocessing = 0;
		};
		52E70A291FE7657F0061213C /* Sources */ = {
			isa = PBXSourcesBuildPhase;
			buildActionMask = 2147483647;
			files = (
				52E70A321FE7657F0061213C /* HelloWorldUITests.m in Sources */,
			);
			runOnlyForDeploymentPostprocessing = 0;
		};
/* End PBXSourcesBuildPhase section */

/* Begin PBXTargetDependency section */
		52E70A241FE7657F0061213C /* PBXTargetDependency */ = {
			isa = PBXTargetDependency;
			target = 52E70A081FE7657F0061213C /* HelloWorld */;
			targetProxy = 52E70A231FE7657F0061213C /* PBXContainerItemProxy */;
		};
		52E70A2F1FE7657F0061213C /* PBXTargetDependency */ = {
			isa = PBXTargetDependency;
			target = 52E70A081FE7657F0061213C /* HelloWorld */;
			targetProxy = 52E70A2E1FE7657F0061213C /* PBXContainerItemProxy */;
		};
/* End PBXTargetDependency section */

/* Begin PBXVariantGroup section */
		52E70A151FE7657F0061213C /* Main.storyboard */ = {
			isa = PBXVariantGroup;
			children = (
				52E70A161FE7657F0061213C /* Base */,
			);
			name = Main.storyboard;
			sourceTree = "<group>";
		};
		52E70A1A1FE7657F0061213C /* LaunchScreen.storyboard */ = {
			isa = PBXVariantGroup;
			children = (
				52E70A1B1FE7657F0061213C /* Base */,
			);
			name = LaunchScreen.storyboard;
			sourceTree = "<group>";
		};
/* End PBXVariantGroup section */

/* Begin XCBuildConfiguration section */
		52E70A341FE7657F0061213C /* Debug */ = {
			isa = XCBuildConfiguration;
			buildSettings = {
				ALWAYS_SEARCH_USER_PATHS = NO;
				CLANG_ANALYZER_NONNULL = YES;
				CLANG_CXX_LANGUAGE_STANDARD = "gnu++0x";
				CLANG_CXX_LIBRARY = "libc++";
				CLANG_ENABLE_MODULES = YES;
				CLANG_ENABLE_OBJC_ARC = YES;
				CLANG_WARN_BOOL_CONVERSION = YES;
				CLANG_WARN_CONSTANT_CONVERSION = YES;
				CLANG_WARN_DIRECT_OBJC_ISA_USAGE = YES_ERROR;
				CLANG_WARN_DOCUMENTATION_COMMENTS = YES;
				CLANG_WARN_EMPTY_BODY = YES;
				CLANG_WARN_ENUM_CONVERSION = YES;
				CLANG_WARN_INFINITE_RECURSION = YES;
				CLANG_WARN_INT_CONVERSION = YES;
				CLANG_WARN_OBJC_ROOT_CLASS = YES_ERROR;
				CLANG_WARN_SUSPICIOUS_MOVE = YES;
				CLANG_WARN_UNREACHABLE_CODE = YES;
				CLANG_WARN__DUPLICATE_METHOD_MATCH = YES;
				"CODE_SIGN_IDENTITY[sdk=iphoneos*]" = "iPhone Developer";
				COPY_PHASE_STRIP = NO;
				DEBUG_INFORMATION_FORMAT = dwarf;
				ENABLE_STRICT_OBJC_MSGSEND = YES;
				ENABLE_TESTABILITY = YES;
				GCC_C_LANGUAGE_STANDARD = gnu99;
				GCC_DYNAMIC_NO_PIC = NO;
				GCC_NO_COMMON_BLOCKS = YES;
				GCC_OPTIMIZATION_LEVEL = 0;
				GCC_PREPROCESSOR_DEFINITIONS = (
					"DEBUG=1",
					"$(inherited)",
				);
				GCC_WARN_64_TO_32_BIT_CONVERSION = YES;
				GCC_WARN_ABOUT_RETURN_TYPE = YES_ERROR;
				GCC_WARN_UNDECLARED_SELECTOR = YES;
				GCC_WARN_UNINITIALIZED_AUTOS = YES_AGGRESSIVE;
				GCC_WARN_UNUSED_FUNCTION = YES;
				GCC_WARN_UNUSED_VARIABLE = YES;
				IPHONEOS_DEPLOYMENT_TARGET = 10.2;
				MTL_ENABLE_DEBUG_INFO = YES;
				ONLY_ACTIVE_ARCH = YES;
				SDKROOT = iphoneos;
			};
			name = Debug;
		};
		52E70A351FE7657F0061213C /* Release */ = {
			isa = XCBuildConfiguration;
			buildSettings = {
				ALWAYS_SEARCH_USER_PATHS = NO;
				CLANG_ANALYZER_NONNULL = YES;
				CLANG_CXX_LANGUAGE_STANDARD = "gnu++0x";
				CLANG_CXX_LIBRARY = "libc++";
				CLANG_ENABLE_MODULES = YES;
				CLANG_ENABLE_OBJC_ARC = YES;
				CLANG_WARN_BOOL_CONVERSION = YES;
				CLANG_WARN_CONSTANT_CONVERSION = YES;
				CLANG_WARN_DIRECT_OBJC_ISA_USAGE = YES_ERROR;
				CLANG_WARN_DOCUMENTATION_COMMENTS = YES;
				CLANG_WARN_EMPTY_BODY = YES;
				CLANG_WARN_ENUM_CONVERSION = YES;
				CLANG_WARN_INFINITE_RECURSION = YES;
				CLANG_WARN_INT_CONVERSION = YES;
				CLANG_WARN_OBJC_ROOT_CLASS = YES_ERROR;
				CLANG_WARN_SUSPICIOUS_MOVE = YES;
				CLANG_WARN_UNREACHABLE_CODE = YES;
				CLANG_WARN__DUPLICATE_METHOD_MATCH = YES;
				"CODE_SIGN_IDENTITY[sdk=iphoneos*]" = "iPhone Developer";
				COPY_PHASE_STRIP = NO;
				DEBUG_INFORMATION_FORMAT = "dwarf-with-dsym";
				ENABLE_NS_ASSERTIONS = NO;
				ENABLE_STRICT_OBJC_MSGSEND = YES;
				GCC_C_LANGUAGE_STANDARD = gnu99;
				GCC_NO_COMMON_BLOCKS = YES;
				GCC_WARN_64_TO_32_BIT_CONVERSION = YES;
				GCC_WARN_ABOUT_RETURN_TYPE = YES_ERROR;
				GCC_WARN_UNDECLARED_SELECTOR = YES;
				GCC_WARN_UNINITIALIZED_AUTOS = YES_AGGRESSIVE;
				GCC_WARN_UNUSED_FUNCTION = YES;
				GCC_WARN_UNUSED_VARIABLE = YES;
				IPHONEOS_DEPLOYMENT_TARGET = 10.2;
				MTL_ENABLE_DEBUG_INFO = NO;
				SDKROOT = iphoneos;
				VALIDATE_PRODUCT = YES;
			};
			name = Release;
		};
		52E70A371FE7657F0061213C /* Debug */ = {
			isa = XCBuildConfiguration;
			baseConfigurationReference = 70D1B6F8907DD619DABEEDBA /* Pods-HelloWorld.debug.xcconfig */;
			buildSettings = {
				ASSETCATALOG_COMPILER_APPICON_NAME = AppIcon;
				DEVELOPMENT_TEAM = 73497T5ED8;
				INFOPLIST_FILE = HelloWorld/Info.plist;
				IPHONEOS_DEPLOYMENT_TARGET = 10.2;
				LD_RUNPATH_SEARCH_PATHS = "$(inherited) @executable_path/Frameworks";
				PRODUCT_BUNDLE_IDENTIFIER = com.lixt.HelloWorld;
				PRODUCT_NAME = "$(TARGET_NAME)";
			};
			name = Debug;
		};
		52E70A381FE7657F0061213C /* Release */ = {
			isa = XCBuildConfiguration;
			baseConfigurationReference = DDCA444BC4CA6080EDB6315F /* Pods-HelloWorld.release.xcconfig */;
			buildSettings = {
				ASSETCATALOG_COMPILER_APPICON_NAME = AppIcon;
				DEVELOPMENT_TEAM = 73497T5ED8;
				INFOPLIST_FILE = HelloWorld/Info.plist;
				IPHONEOS_DEPLOYMENT_TARGET = 10.2;
				LD_RUNPATH_SEARCH_PATHS = "$(inherited) @executable_path/Frameworks";
				PRODUCT_BUNDLE_IDENTIFIER = com.lixt.HelloWorld;
				PRODUCT_NAME = "$(TARGET_NAME)";
			};
			name = Release;
		};
		52E70A3A1FE7657F0061213C /* Debug */ = {
			isa = XCBuildConfiguration;
			buildSettings = {
				BUNDLE_LOADER = "$(TEST_HOST)";
				DEVELOPMENT_TEAM = KT6YPJYQ2W;
				INFOPLIST_FILE = HelloWorldTests/Info.plist;
				LD_RUNPATH_SEARCH_PATHS = "$(inherited) @executable_path/Frameworks @loader_path/Frameworks";
				PRODUCT_BUNDLE_IDENTIFIER = com.vsun.HelloWorldTests;
				PRODUCT_NAME = "$(TARGET_NAME)";
				TEST_HOST = "$(BUILT_PRODUCTS_DIR)/HelloWorld.app/HelloWorld";
			};
			name = Debug;
		};
		52E70A3B1FE7657F0061213C /* Release */ = {
			isa = XCBuildConfiguration;
			buildSettings = {
				BUNDLE_LOADER = "$(TEST_HOST)";
				DEVELOPMENT_TEAM = KT6YPJYQ2W;
				INFOPLIST_FILE = HelloWorldTests/Info.plist;
				LD_RUNPATH_SEARCH_PATHS = "$(inherited) @executable_path/Frameworks @loader_path/Frameworks";
				PRODUCT_BUNDLE_IDENTIFIER = com.vsun.HelloWorldTests;
				PRODUCT_NAME = "$(TARGET_NAME)";
				TEST_HOST = "$(BUILT_PRODUCTS_DIR)/HelloWorld.app/HelloWorld";
			};
			name = Release;
		};
		52E70A3D1FE7657F0061213C /* Debug */ = {
			isa = XCBuildConfiguration;
			buildSettings = {
				DEVELOPMENT_TEAM = KT6YPJYQ2W;
				INFOPLIST_FILE = HelloWorldUITests/Info.plist;
				LD_RUNPATH_SEARCH_PATHS = "$(inherited) @executable_path/Frameworks @loader_path/Frameworks";
				PRODUCT_BUNDLE_IDENTIFIER = com.vsun.HelloWorldUITests;
				PRODUCT_NAME = "$(TARGET_NAME)";
				TEST_TARGET_NAME = HelloWorld;
			};
			name = Debug;
		};
		52E70A3E1FE7657F0061213C /* Release */ = {
			isa = XCBuildConfiguration;
			buildSettings = {
				DEVELOPMENT_TEAM = KT6YPJYQ2W;
				INFOPLIST_FILE = HelloWorldUITests/Info.plist;
				LD_RUNPATH_SEARCH_PATHS = "$(inherited) @executable_path/Frameworks @loader_path/Frameworks";
				PRODUCT_BUNDLE_IDENTIFIER = com.vsun.HelloWorldUITests;
				PRODUCT_NAME = "$(TARGET_NAME)";
				TEST_TARGET_NAME = HelloWorld;
			};
			name = Release;
		};
/* End XCBuildConfiguration section */

/* Begin XCConfigurationList section */
		52E70A041FE7657F0061213C /* Build configuration list for PBXProject "HelloWorld" */ = {
			isa = XCConfigurationList;
			buildConfigurations = (
				52E70A341FE7657F0061213C /* Debug */,
				52E70A351FE7657F0061213C /* Release */,
			);
			defaultConfigurationIsVisible = 0;
			defaultConfigurationName = Release;
		};
		52E70A361FE7657F0061213C /* Build configuration list for PBXNativeTarget "HelloWorld" */ = {
			isa = XCConfigurationList;
			buildConfigurations = (
				52E70A371FE7657F0061213C /* Debug */,
				52E70A381FE7657F0061213C /* Release */,
			);
			defaultConfigurationIsVisible = 0;
			defaultConfigurationName = Release;
		};
		52E70A391FE7657F0061213C /* Build configuration list for PBXNativeTarget "HelloWorldTests" */ = {
			isa = XCConfigurationList;
			buildConfigurations = (
				52E70A3A1FE7657F0061213C /* Debug */,
				52E70A3B1FE7657F0061213C /* Release */,
			);
			defaultConfigurationIsVisible = 0;
			defaultConfigurationName = Release;
		};
		52E70A3C1FE7657F0061213C /* Build configuration list for PBXNativeTarget "HelloWorldUITests" */ = {
			isa = XCConfigurationList;
			buildConfigurations = (
				52E70A3D1FE7657F0061213C /* Debug */,
				52E70A3E1FE7657F0061213C /* Release */,
			);
			defaultConfigurationIsVisible = 0;
			defaultConfigurationName = Release;
		};
/* End XCConfigurationList section */
	};
	rootObject = 52E70A011FE7657F0061213C /* Project object */;
}
